// !$*UTF8*$!
{
	archiveVersion = 1;
	classes = {
	};
	objectVersion = 55;
	objects = {

/* Begin PBXBuildFile section */
		23701DE02840C358003E682D /* MotionWriter.swift in Sources */ = {isa = PBXBuildFile; fileRef = 23701DDF2840C358003E682D /* MotionWriter.swift */; };
		23701DE22840C42B003E682D /* MotionManager.swift in Sources */ = {isa = PBXBuildFile; fileRef = 23701DE12840C42B003E682D /* MotionManager.swift */; };
		23B2E0932840C140004E3FF5 /* airpods_sensor_loggingApp.swift in Sources */ = {isa = PBXBuildFile; fileRef = 23B2E0922840C140004E3FF5 /* airpods_sensor_loggingApp.swift */; };
		23B2E0952840C140004E3FF5 /* ContentView.swift in Sources */ = {isa = PBXBuildFile; fileRef = 23B2E0942840C140004E3FF5 /* ContentView.swift */; };
		23B2E0972840C142004E3FF5 /* Assets.xcassets in Resources */ = {isa = PBXBuildFile; fileRef = 23B2E0962840C142004E3FF5 /* Assets.xcassets */; };
		23B2E09A2840C142004E3FF5 /* Preview Assets.xcassets in Resources */ = {isa = PBXBuildFile; fileRef = 23B2E0992840C142004E3FF5 /* Preview Assets.xcassets */; };
		23F6B6482840D03000143AF6 /* LineChartView.swift in Sources */ = {isa = PBXBuildFile; fileRef = 23F6B6472840D03000143AF6 /* LineChartView.swift */; };
		C74BFE81ABA0A985FDD28310 /* Pods_airpods_sensor_logging.framework in Frameworks */ = {isa = PBXBuildFile; fileRef = AE406A269FB764B791191386 /* Pods_airpods_sensor_logging.framework */; };
/* End PBXBuildFile section */

/* Begin PBXFileReference section */
		23701DDF2840C358003E682D /* MotionWriter.swift */ = {isa = PBXFileReference; lastKnownFileType = sourcecode.swift; path = MotionWriter.swift; sourceTree = "<group>"; };
		23701DE12840C42B003E682D /* MotionManager.swift */ = {isa = PBXFileReference; lastKnownFileType = sourcecode.swift; path = MotionManager.swift; sourceTree = "<group>"; };
		23B2E08F2840C140004E3FF5 /* airpods-sensor-logging.app */ = {isa = PBXFileReference; explicitFileType = wrapper.application; includeInIndex = 0; path = "airpods-sensor-logging.app"; sourceTree = BUILT_PRODUCTS_DIR; };
		23B2E0922840C140004E3FF5 /* airpods_sensor_loggingApp.swift */ = {isa = PBXFileReference; lastKnownFileType = sourcecode.swift; path = airpods_sensor_loggingApp.swift; sourceTree = "<group>"; };
		23B2E0942840C140004E3FF5 /* ContentView.swift */ = {isa = PBXFileReference; lastKnownFileType = sourcecode.swift; path = ContentView.swift; sourceTree = "<group>"; };
		23B2E0962840C142004E3FF5 /* Assets.xcassets */ = {isa = PBXFileReference; lastKnownFileType = folder.assetcatalog; path = Assets.xcassets; sourceTree = "<group>"; };
		23B2E0992840C142004E3FF5 /* Preview Assets.xcassets */ = {isa = PBXFileReference; lastKnownFileType = folder.assetcatalog; path = "Preview Assets.xcassets"; sourceTree = "<group>"; };
		23F6B6472840D03000143AF6 /* LineChartView.swift */ = {isa = PBXFileReference; lastKnownFileType = sourcecode.swift; path = LineChartView.swift; sourceTree = "<group>"; };
		2E09BA280392048EE72D57EB /* Pods-airpods-sensor-logging.release.xcconfig */ = {isa = PBXFileReference; includeInIndex = 1; lastKnownFileType = text.xcconfig; name = "Pods-airpods-sensor-logging.release.xcconfig"; path = "Target Support Files/Pods-airpods-sensor-logging/Pods-airpods-sensor-logging.release.xcconfig"; sourceTree = "<group>"; };
		AE406A269FB764B791191386 /* Pods_airpods_sensor_logging.framework */ = {isa = PBXFileReference; explicitFileType = wrapper.framework; includeInIndex = 0; path = Pods_airpods_sensor_logging.framework; sourceTree = BUILT_PRODUCTS_DIR; };
		FF0732D63FE037FB185FC403 /* Pods-airpods-sensor-logging.debug.xcconfig */ = {isa = PBXFileReference; includeInIndex = 1; lastKnownFileType = text.xcconfig; name = "Pods-airpods-sensor-logging.debug.xcconfig"; path = "Target Support Files/Pods-airpods-sensor-logging/Pods-airpods-sensor-logging.debug.xcconfig"; sourceTree = "<group>"; };
/* End PBXFileReference section */

/* Begin PBXFrameworksBuildPhase section */
		23B2E08C2840C140004E3FF5 /* Frameworks */ = {
			isa = PBXFrameworksBuildPhase;
			buildActionMask = 2147483647;
			files = (
				C74BFE81ABA0A985FDD28310 /* Pods_airpods_sensor_logging.framework in Frameworks */,
			);
			runOnlyForDeploymentPostprocessing = 0;
		};
/* End PBXFrameworksBuildPhase section */

/* Begin PBXGroup section */
		23B2E0862840C140004E3FF5 = {
			isa = PBXGroup;
			children = (
				23B2E0912840C140004E3FF5 /* airpods-sensor-logging */,
				23B2E0902840C140004E3FF5 /* Products */,
				DE3D490885B6DCE4DAE08E3D /* Pods */,
				CD1F0794CFC16E57AF6704F6 /* Frameworks */,
			);
			sourceTree = "<group>";
		};
		23B2E0902840C140004E3FF5 /* Products */ = {
			isa = PBXGroup;
			children = (
				23B2E08F2840C140004E3FF5 /* airpods-sensor-logging.app */,
			);
			name = Products;
			sourceTree = "<group>";
		};
		23B2E0912840C140004E3FF5 /* airpods-sensor-logging */ = {
			isa = PBXGroup;
			children = (
				23F6B6492840D08D00143AF6 /* View */,
				23701DDF2840C358003E682D /* MotionWriter.swift */,
				23701DE12840C42B003E682D /* MotionManager.swift */,
				23B2E0922840C140004E3FF5 /* airpods_sensor_loggingApp.swift */,
				23B2E0962840C142004E3FF5 /* Assets.xcassets */,
				23B2E0982840C142004E3FF5 /* Preview Content */,
			);
			path = "airpods-sensor-logging";
			sourceTree = "<group>";
		};
		23B2E0982840C142004E3FF5 /* Preview Content */ = {
			isa = PBXGroup;
			children = (
				23B2E0992840C142004E3FF5 /* Preview Assets.xcassets */,
			);
			path = "Preview Content";
			sourceTree = "<group>";
		};
		23F6B6492840D08D00143AF6 /* View */ = {
			isa = PBXGroup;
			children = (
				23B2E0942840C140004E3FF5 /* ContentView.swift */,
				23F6B6472840D03000143AF6 /* LineChartView.swift */,
			);
			path = View;
			sourceTree = "<group>";
		};
		CD1F0794CFC16E57AF6704F6 /* Frameworks */ = {
			isa = PBXGroup;
			children = (
				AE406A269FB764B791191386 /* Pods_airpods_sensor_logging.framework */,
			);
			name = Frameworks;
			sourceTree = "<group>";
		};
		DE3D490885B6DCE4DAE08E3D /* Pods */ = {
			isa = PBXGroup;
			children = (
				FF0732D63FE037FB185FC403 /* Pods-airpods-sensor-logging.debug.xcconfig */,
				2E09BA280392048EE72D57EB /* Pods-airpods-sensor-logging.release.xcconfig */,
			);
			path = Pods;
			sourceTree = "<group>";
		};
/* End PBXGroup section */

/* Begin PBXNativeTarget section */
		23B2E08E2840C140004E3FF5 /* airpods-sensor-logging */ = {
			isa = PBXNativeTarget;
			buildConfigurationList = 23B2E09D2840C142004E3FF5 /* Build configuration list for PBXNativeTarget "airpods-sensor-logging" */;
			buildPhases = (
				7D82B74C7F6916F1F3995F61 /* [CP] Check Pods Manifest.lock */,
				23B2E08B2840C140004E3FF5 /* Sources */,
				23B2E08C2840C140004E3FF5 /* Frameworks */,
				23B2E08D2840C140004E3FF5 /* Resources */,
				76C1A82E34C8AE427E0CF6D7 /* [CP] Embed Pods Frameworks */,
			);
			buildRules = (
			);
			dependencies = (
			);
			name = "airpods-sensor-logging";
			productName = "airpods-sensor-logging";
			productReference = 23B2E08F2840C140004E3FF5 /* airpods-sensor-logging.app */;
			productType = "com.apple.product-type.application";
		};
/* End PBXNativeTarget section */

/* Begin PBXProject section */
		23B2E0872840C140004E3FF5 /* Project object */ = {
			isa = PBXProject;
			attributes = {
				BuildIndependentTargetsInParallel = 1;
				LastSwiftUpdateCheck = 1330;
				LastUpgradeCheck = 1330;
				TargetAttributes = {
					23B2E08E2840C140004E3FF5 = {
						CreatedOnToolsVersion = 13.3;
					};
				};
			};
			buildConfigurationList = 23B2E08A2840C140004E3FF5 /* Build configuration list for PBXProject "airpods-sensor-logging" */;
			compatibilityVersion = "Xcode 13.0";
			developmentRegion = en;
			hasScannedForEncodings = 0;
			knownRegions = (
				en,
				Base,
			);
			mainGroup = 23B2E0862840C140004E3FF5;
			productRefGroup = 23B2E0902840C140004E3FF5 /* Products */;
			projectDirPath = "";
			projectRoot = "";
			targets = (
				23B2E08E2840C140004E3FF5 /* airpods-sensor-logging */,
			);
		};
/* End PBXProject section */

/* Begin PBXResourcesBuildPhase section */
		23B2E08D2840C140004E3FF5 /* Resources */ = {
			isa = PBXResourcesBuildPhase;
			buildActionMask = 2147483647;
			files = (
				23B2E09A2840C142004E3FF5 /* Preview Assets.xcassets in Resources */,
				23B2E0972840C142004E3FF5 /* Assets.xcassets in Resources */,
			);
			runOnlyForDeploymentPostprocessing = 0;
		};
/* End PBXResourcesBuildPhase section */

/* Begin PBXShellScriptBuildPhase section */
		76C1A82E34C8AE427E0CF6D7 /* [CP] Embed Pods Frameworks */ = {
			isa = PBXShellScriptBuildPhase;
			buildActionMask = 2147483647;
			files = (
			);
			inputFileListPaths = (
				"${PODS_ROOT}/Target Support Files/Pods-airpods-sensor-logging/Pods-airpods-sensor-logging-frameworks-${CONFIGURATION}-input-files.xcfilelist",
			);
			name = "[CP] Embed Pods Frameworks";
			outputFileListPaths = (
				"${PODS_ROOT}/Target Support Files/Pods-airpods-sensor-logging/Pods-airpods-sensor-logging-frameworks-${CONFIGURATION}-output-files.xcfilelist",
			);
			runOnlyForDeploymentPostprocessing = 0;
			shellPath = /bin/sh;
			shellScript = "\"${PODS_ROOT}/Target Support Files/Pods-airpods-sensor-logging/Pods-airpods-sensor-logging-frameworks.sh\"\n";
			showEnvVarsInLog = 0;
		};
		7D82B74C7F6916F1F3995F61 /* [CP] Check Pods Manifest.lock */ = {
			isa = PBXShellScriptBuildPhase;
			buildActionMask = 2147483647;
			files = (
			);
			inputFileListPaths = (
			);
			inputPaths = (
				"${PODS_PODFILE_DIR_PATH}/Podfile.lock",
				"${PODS_ROOT}/Manifest.lock",
			);
			name = "[CP] Check Pods Manifest.lock";
			outputFileListPaths = (
			);
			outputPaths = (
				"$(DERIVED_FILE_DIR)/Pods-airpods-sensor-logging-checkManifestLockResult.txt",
			);
			runOnlyForDeploymentPostprocessing = 0;
			shellPath = /bin/sh;
			shellScript = "diff \"${PODS_PODFILE_DIR_PATH}/Podfile.lock\" \"${PODS_ROOT}/Manifest.lock\" > /dev/null\nif [ $? != 0 ] ; then\n    # print error to STDERR\n    echo \"error: The sandbox is not in sync with the Podfile.lock. Run 'pod install' or update your CocoaPods installation.\" >&2\n    exit 1\nfi\n# This output is used by Xcode 'outputs' to avoid re-running this script phase.\necho \"SUCCESS\" > \"${SCRIPT_OUTPUT_FILE_0}\"\n";
			showEnvVarsInLog = 0;
		};
/* End PBXShellScriptBuildPhase section */

/* Begin PBXSourcesBuildPhase section */
		23B2E08B2840C140004E3FF5 /* Sources */ = {
			isa = PBXSourcesBuildPhase;
			buildActionMask = 2147483647;
			files = (
				23B2E0952840C140004E3FF5 /* ContentView.swift in Sources */,
				23F6B6482840D03000143AF6 /* LineChartView.swift in Sources */,
				23B2E0932840C140004E3FF5 /* airpods_sensor_loggingApp.swift in Sources */,
				23701DE02840C358003E682D /* MotionWriter.swift in Sources */,
				23701DE22840C42B003E682D /* MotionManager.swift in Sources */,
			);
			runOnlyForDeploymentPostprocessing = 0;
		};
/* End PBXSourcesBuildPhase section */

/* Begin XCBuildConfiguration section */
		23B2E09B2840C142004E3FF5 /* Debug */ = {
			isa = XCBuildConfiguration;
			buildSettings = {
				ALWAYS_SEARCH_USER_PATHS = NO;
				CLANG_ANALYZER_NONNULL = YES;
				CLANG_ANALYZER_NUMBER_OBJECT_CONVERSION = YES_AGGRESSIVE;
				CLANG_CXX_LANGUAGE_STANDARD = "gnu++17";
				CLANG_ENABLE_MODULES = YES;
				CLANG_ENABLE_OBJC_ARC = YES;
				CLANG_ENABLE_OBJC_WEAK = YES;
				CLANG_WARN_BLOCK_CAPTURE_AUTORELEASING = YES;
				CLANG_WARN_BOOL_CONVERSION = YES;
				CLANG_WARN_COMMA = YES;
				CLANG_WARN_CONSTANT_CONVERSION = YES;
				CLANG_WARN_DEPRECATED_OBJC_IMPLEMENTATIONS = YES;
				CLANG_WARN_DIRECT_OBJC_ISA_USAGE = YES_ERROR;
				CLANG_WARN_DOCUMENTATION_COMMENTS = YES;
				CLANG_WARN_EMPTY_BODY = YES;
				CLANG_WARN_ENUM_CONVERSION = YES;
				CLANG_WARN_INFINITE_RECURSION = YES;
				CLANG_WARN_INT_CONVERSION = YES;
				CLANG_WARN_NON_LITERAL_NULL_CONVERSION = YES;
				CLANG_WARN_OBJC_IMPLICIT_RETAIN_SELF = YES;
				CLANG_WARN_OBJC_LITERAL_CONVERSION = YES;
				CLANG_WARN_OBJC_ROOT_CLASS = YES_ERROR;
				CLANG_WARN_QUOTED_INCLUDE_IN_FRAMEWORK_HEADER = YES;
				CLANG_WARN_RANGE_LOOP_ANALYSIS = YES;
				CLANG_WARN_STRICT_PROTOTYPES = YES;
				CLANG_WARN_SUSPICIOUS_MOVE = YES;
				CLANG_WARN_UNGUARDED_AVAILABILITY = YES_AGGRESSIVE;
				CLANG_WARN_UNREACHABLE_CODE = YES;
				CLANG_WARN__DUPLICATE_METHOD_MATCH = YES;
				COPY_PHASE_STRIP = NO;
				DEBUG_INFORMATION_FORMAT = dwarf;
				ENABLE_STRICT_OBJC_MSGSEND = YES;
				ENABLE_TESTABILITY = YES;
				GCC_C_LANGUAGE_STANDARD = gnu11;
				GCC_DYNAMIC_NO_PIC = NO;
				GCC_NO_COMMON_BLOCKS = YES;
				GCC_OPTIMIZATION_LEVEL = 0;
				GCC_PREPROCESSOR_DEFINITIONS = (
					"DEBUG=1",
					"$(inherited)",
				);
				GCC_WARN_64_TO_32_BIT_CONVERSION = YES;
				GCC_WARN_ABOUT_RETURN_TYPE = YES_ERROR;
				GCC_WARN_UNDECLARED_SELECTOR = YES;
				GCC_WARN_UNINITIALIZED_AUTOS = YES_AGGRESSIVE;
				GCC_WARN_UNUSED_FUNCTION = YES;
				GCC_WARN_UNUSED_VARIABLE = YES;
				IPHONEOS_DEPLOYMENT_TARGET = 15.4;
				MTL_ENABLE_DEBUG_INFO = INCLUDE_SOURCE;
				MTL_FAST_MATH = YES;
				ONLY_ACTIVE_ARCH = YES;
				SDKROOT = iphoneos;
				SWIFT_ACTIVE_COMPILATION_CONDITIONS = DEBUG;
				SWIFT_OPTIMIZATION_LEVEL = "-Onone";
			};
			name = Debug;
		};
		23B2E09C2840C142004E3FF5 /* Release */ = {
			isa = XCBuildConfiguration;
			buildSettings = {
				ALWAYS_SEARCH_USER_PATHS = NO;
				CLANG_ANALYZER_NONNULL = YES;
				CLANG_ANALYZER_NUMBER_OBJECT_CONVERSION = YES_AGGRESSIVE;
				CLANG_CXX_LANGUAGE_STANDARD = "gnu++17";
				CLANG_ENABLE_MODULES = YES;
				CLANG_ENABLE_OBJC_ARC = YES;
				CLANG_ENABLE_OBJC_WEAK = YES;
				CLANG_WARN_BLOCK_CAPTURE_AUTORELEASING = YES;
				CLANG_WARN_BOOL_CONVERSION = YES;
				CLANG_WARN_COMMA = YES;
				CLANG_WARN_CONSTANT_CONVERSION = YES;
				CLANG_WARN_DEPRECATED_OBJC_IMPLEMENTATIONS = YES;
				CLANG_WARN_DIRECT_OBJC_ISA_USAGE = YES_ERROR;
				CLANG_WARN_DOCUMENTATION_COMMENTS = YES;
				CLANG_WARN_EMPTY_BODY = YES;
				CLANG_WARN_ENUM_CONVERSION = YES;
				CLANG_WARN_INFINITE_RECURSION = YES;
				CLANG_WARN_INT_CONVERSION = YES;
				CLANG_WARN_NON_LITERAL_NULL_CONVERSION = YES;
				CLANG_WARN_OBJC_IMPLICIT_RETAIN_SELF = YES;
				CLANG_WARN_OBJC_LITERAL_CONVERSION = YES;
				CLANG_WARN_OBJC_ROOT_CLASS = YES_ERROR;
				CLANG_WARN_QUOTED_INCLUDE_IN_FRAMEWORK_HEADER = YES;
				CLANG_WARN_RANGE_LOOP_ANALYSIS = YES;
				CLANG_WARN_STRICT_PROTOTYPES = YES;
				CLANG_WARN_SUSPICIOUS_MOVE = YES;
				CLANG_WARN_UNGUARDED_AVAILABILITY = YES_AGGRESSIVE;
				CLANG_WARN_UNREACHABLE_CODE = YES;
				CLANG_WARN__DUPLICATE_METHOD_MATCH = YES;
				COPY_PHASE_STRIP = NO;
				DEBUG_INFORMATION_FORMAT = "dwarf-with-dsym";
				ENABLE_NS_ASSERTIONS = NO;
				ENABLE_STRICT_OBJC_MSGSEND = YES;
				GCC_C_LANGUAGE_STANDARD = gnu11;
				GCC_NO_COMMON_BLOCKS = YES;
				GCC_WARN_64_TO_32_BIT_CONVERSION = YES;
				GCC_WARN_ABOUT_RETURN_TYPE = YES_ERROR;
				GCC_WARN_UNDECLARED_SELECTOR = YES;
				GCC_WARN_UNINITIALIZED_AUTOS = YES_AGGRESSIVE;
				GCC_WARN_UNUSED_FUNCTION = YES;
				GCC_WARN_UNUSED_VARIABLE = YES;
				IPHONEOS_DEPLOYMENT_TARGET = 15.4;
				MTL_ENABLE_DEBUG_INFO = NO;
				MTL_FAST_MATH = YES;
				SDKROOT = iphoneos;
				SWIFT_COMPILATION_MODE = wholemodule;
				SWIFT_OPTIMIZATION_LEVEL = "-O";
				VALIDATE_PRODUCT = YES;
			};
			name = Release;
		};
		23B2E09E2840C142004E3FF5 /* Debug */ = {
			isa = XCBuildConfiguration;
			baseConfigurationReference = FF0732D63FE037FB185FC403 /* Pods-airpods-sensor-logging.debug.xcconfig */;
			buildSettings = {
				ASSETCATALOG_COMPILER_APPICON_NAME = AppIcon;
				ASSETCATALOG_COMPILER_GLOBAL_ACCENT_COLOR_NAME = AccentColor;
				CODE_SIGN_STYLE = Automatic;
				CURRENT_PROJECT_VERSION = 1;
				DEVELOPMENT_ASSET_PATHS = "\"airpods-sensor-logging/Preview Content\"";
				DEVELOPMENT_TEAM = YX6B69FS7M;
				ENABLE_PREVIEWS = YES;
				GENERATE_INFOPLIST_FILE = YES;
				INFOPLIST_KEY_NSMotionUsageDescription = "AirPodsProのセンサの値を取得します";
				INFOPLIST_KEY_UIApplicationSceneManifest_Generation = YES;
				INFOPLIST_KEY_UIApplicationSupportsIndirectInputEvents = YES;
				INFOPLIST_KEY_UILaunchScreen_Generation = YES;
				INFOPLIST_KEY_UISupportedInterfaceOrientations_iPad = "UIInterfaceOrientationPortrait UIInterfaceOrientationPortraitUpsideDown UIInterfaceOrientationLandscapeLeft UIInterfaceOrientationLandscapeRight";
				INFOPLIST_KEY_UISupportedInterfaceOrientations_iPhone = "UIInterfaceOrientationPortrait UIInterfaceOrientationLandscapeLeft UIInterfaceOrientationLandscapeRight";
				LD_RUNPATH_SEARCH_PATHS = (
					"$(inherited)",
					"@executable_path/Frameworks",
				);
				MARKETING_VERSION = 1.0;
				PRODUCT_BUNDLE_IDENTIFIER = "com.zozo.rei.nakaoka.airpods-sensor-logging";
				PRODUCT_NAME = "$(TARGET_NAME)";
				SWIFT_EMIT_LOC_STRINGS = YES;
				SWIFT_VERSION = 5.0;
				TARGETED_DEVICE_FAMILY = "1,2";
			};
			name = Debug;
		};
		23B2E09F2840C142004E3FF5 /* Release */ = {
			isa = XCBuildConfiguration;
			baseConfigurationReference = 2E09BA280392048EE72D57EB /* Pods-airpods-sensor-logging.release.xcconfig */;
			buildSettings = {
				ASSETCATALOG_COMPILER_APPICON_NAME = AppIcon;
				ASSETCATALOG_COMPILER_GLOBAL_ACCENT_COLOR_NAME = AccentColor;
				CODE_SIGN_STYLE = Automatic;
				CURRENT_PROJECT_VERSION = 1;
				DEVELOPMENT_ASSET_PATHS = "\"airpods-sensor-logging/Preview Content\"";
				DEVELOPMENT_TEAM = YX6B69FS7M;
				ENABLE_PREVIEWS = YES;
				GENERATE_INFOPLIST_FILE = YES;
				INFOPLIST_KEY_NSMotionUsageDescription = "AirPodsProのセンサの値を取得します";
				INFOPLIST_KEY_UIApplicationSceneManifest_Generation = YES;
				INFOPLIST_KEY_UIApplicationSupportsIndirectInputEvents = YES;
				INFOPLIST_KEY_UILaunchScreen_Generation = YES;
				INFOPLIST_KEY_UISupportedInterfaceOrientations_iPad = "UIInterfaceOrientationPortrait UIInterfaceOrientationPortraitUpsideDown UIInterfaceOrientationLandscapeLeft UIInterfaceOrientationLandscapeRight";
				INFOPLIST_KEY_UISupportedInterfaceOrientations_iPhone = "UIInterfaceOrientationPortrait UIInterfaceOrientationLandscapeLeft UIInterfaceOrientationLandscapeRight";
				LD_RUNPATH_SEARCH_PATHS = (
					"$(inherited)",
					"@executable_path/Frameworks",
				);
				MARKETING_VERSION = 1.0;
				PRODUCT_BUNDLE_IDENTIFIER = "com.zozo.rei.nakaoka.airpods-sensor-logging";
				PRODUCT_NAME = "$(TARGET_NAME)";
				SWIFT_EMIT_LOC_STRINGS = YES;
				SWIFT_VERSION = 5.0;
				TARGETED_DEVICE_FAMILY = "1,2";
			};
			name = Release;
		};
/* End XCBuildConfiguration section */

/* Begin XCConfigurationList section */
		23B2E08A2840C140004E3FF5 /* Build configuration list for PBXProject "airpods-sensor-logging" */ = {
			isa = XCConfigurationList;
			buildConfigurations = (
				23B2E09B2840C142004E3FF5 /* Debug */,
				23B2E09C2840C142004E3FF5 /* Release */,
			);
			defaultConfigurationIsVisible = 0;
			defaultConfigurationName = Release;
		};
		23B2E09D2840C142004E3FF5 /* Build configuration list for PBXNativeTarget "airpods-sensor-logging" */ = {
			isa = XCConfigurationList;
			buildConfigurations = (
				23B2E09E2840C142004E3FF5 /* Debug */,
				23B2E09F2840C142004E3FF5 /* Release */,
			);
			defaultConfigurationIsVisible = 0;
			defaultConfigurationName = Release;
		};
/* End XCConfigurationList section */
	};
	rootObject = 23B2E0872840C140004E3FF5 /* Project object */;
}
